
Microsoft Visual Studio Solution File, Format Version 12.00
# Visual Studio Version 17
VisualStudioVersion = 17.14.36221.1 d17.14
MinimumVisualStudioVersion = 10.0.40219.1
Project("{FAE04EC0-301F-11D3-BF4B-00C04F79EFBC}") = "KafkaConsumer", "KafkaConsumer.csproj", "{DB3993ED-25C6-4790-A8F4-9499CC7E96C2}"
EndProject
Global
	GlobalSection(SolutionConfigurationPlatforms) = preSolution
		Debug|Any CPU = Debug|Any CPU
		Release|Any CPU = Release|Any CPU
	EndGlobalSection
	GlobalSection(ProjectConfigurationPlatforms) = postSolution
		{DB3993ED-25C6-4790-A8F4-9499CC7E96C2}.Debug|Any CPU.ActiveCfg = Debug|Any CPU
		{DB3993ED-25C6-4790-A8F4-9499CC7E96C2}.Debug|Any CPU.Build.0 = Debug|Any CPU
		{DB3993ED-25C6-4790-A8F4-9499CC7E96C2}.Release|Any CPU.ActiveCfg = Release|Any CPU
		{DB3993ED-25C6-4790-A8F4-9499CC7E96C2}.Release|Any CPU.Build.0 = Release|Any CPU
	EndGlobalSection
	GlobalSection(SolutionProperties) = preSolution
		HideSolutionNode = FALSE
	EndGlobalSection
	GlobalSection(ExtensibilityGlobals) = postSolution
		SolutionGuid = {F869C2A1-9031-4E63-994D-CC76D94EEBB8}
	EndGlobalSection
EndGlobal
